
Microsoft Visual Studio Solution File, Format Version 12.00
# Visual Studio Version 17
VisualStudioVersion = 17.11.35312.102
MinimumVisualStudioVersion = 10.0.40219.1
Project("{FAE04EC0-301F-11D3-BF4B-00C04F79EFBC}") = "Assignment1_Games", "Assignment1_Games.csproj", "{A2683839-454E-45FD-B059-DE006136FC5E}"
EndProject
Global
	GlobalSection(SolutionConfigurationPlatforms) = preSolution
		Debug|Any CPU = Debug|Any CPU
		Release|Any CPU = Release|Any CPU
	EndGlobalSection
	GlobalSection(ProjectConfigurationPlatforms) = postSolution
		{A2683839-454E-45FD-B059-DE006136FC5E}.Debug|Any CPU.ActiveCfg = Debug|Any CPU
		{A2683839-454E-45FD-B059-DE006136FC5E}.Debug|Any CPU.Build.0 = Debug|Any CPU
		{A2683839-454E-45FD-B059-DE006136FC5E}.Release|Any CPU.ActiveCfg = Release|Any CPU
		{A2683839-454E-45FD-B059-DE006136FC5E}.Release|Any CPU.Build.0 = Release|Any CPU
	EndGlobalSection
	GlobalSection(SolutionProperties) = preSolution
		HideSolutionNode = FALSE
	EndGlobalSection
	GlobalSection(ExtensibilityGlobals) = postSolution
		SolutionGuid = {69FE1104-728C-4D11-A467-CA9423AB1329}
	EndGlobalSection
EndGlobal
